
Microsoft Visual Studio Solution File, Format Version 12.00
# Visual Studio Version 17
VisualStudioVersion = 17.11.35327.3
MinimumVisualStudioVersion = 10.0.40219.1
Project("{FAE04EC0-301F-11D3-BF4B-00C04F79EFBC}") = "Practica #22 vsed", "Practica #22 vsed\Practica #22 vsed.csproj", "{27708C2C-59F5-4C51-BD74-88F7F4F22834}"
EndProject
Global
	GlobalSection(SolutionConfigurationPlatforms) = preSolution
		Debug|Any CPU = Debug|Any CPU
		Release|Any CPU = Release|Any CPU
	EndGlobalSection
	GlobalSection(ProjectConfigurationPlatforms) = postSolution
		{27708C2C-59F5-4C51-BD74-88F7F4F22834}.Debug|Any CPU.ActiveCfg = Debug|Any CPU
		{27708C2C-59F5-4C51-BD74-88F7F4F22834}.Debug|Any CPU.Build.0 = Debug|Any CPU
		{27708C2C-59F5-4C51-BD74-88F7F4F22834}.Release|Any CPU.ActiveCfg = Release|Any CPU
		{27708C2C-59F5-4C51-BD74-88F7F4F22834}.Release|Any CPU.Build.0 = Release|Any CPU
	EndGlobalSection
	GlobalSection(SolutionProperties) = preSolution
		HideSolutionNode = FALSE
	EndGlobalSection
	GlobalSection(ExtensibilityGlobals) = postSolution
		SolutionGuid = {92ECA6B9-8543-4C48-ADCC-42DD9B3DAA6D}
	EndGlobalSection
EndGlobal
